# THIS IS AN AUTOGENERATED FILE. DO NOT EDIT THIS FILE DIRECTLY.
# yarn lockfile v1


docker-file-parser@^1.0.4:
  version "1.0.4"
  resolved "https://registry.yarnpkg.com/docker-file-parser/-/docker-file-parser-1.0.4.tgz#723156944d6ee52e4f0e45c1a9eb7b36124d0dd9"
  integrity sha512-djh3R7KXkEPm80PXK9xbz8bCfEFuU11Tmf5l9IXKdjBPx91/cOqhwOwtOq6s35B8TqrwY6L4xLphmyYmJT0ZXw==

node-fetch@^2.2.0:
  version "2.2.0"
  resolved "https://registry.yarnpkg.com/node-fetch/-/node-fetch-2.2.0.tgz#4ee79bde909262f9775f731e3656d0db55ced5b5"
  integrity sha512-OayFWziIxiHY8bCUyLX6sTpDH8Jsbp4FfYd1j1f7vZyfgkcOnAyM4oQR16f8a0s7Gl/viMGRey8eScYk4V4EZA==
